PODS:
  - GoogleMaps (3.10.0):
    - GoogleMaps/Maps (= 3.10.0)
  - GoogleMaps/Base (3.10.0)
  - GoogleMaps/Maps (3.10.0):
    - GoogleMaps/Base
  - IBAnimatable (6.1.0)
  - IQKeyboardManager (6.5.6)
  - Localization (1.0.2)
  - SideMenu (6.4.9)

DEPENDENCIES:
  - GoogleMaps
  - IBAnimatable
  - IQKeyboardManager
  - Localization
  - SideMenu

SPEC REPOS:
  trunk:
    - GoogleMaps
    - IBAnimatable
    - IQKeyboardManager
    - Localization
    - SideMenu

SPEC CHECKSUMS:
  GoogleMaps: 8c080862ff2748ece9929471b30feb56a6c5079d
  IBAnimatable: 99dddd4c0625884a301ba3ecbc1615f8a390368e
  IQKeyboardManager: 2a6e97afdafc7becf0cb17a9a8d795e3a980717f
  Localization: d13a9844f5ebe66da4fade64a122ffeb0ffa547b
  SideMenu: 8ef57a3cfc024a2d3fc1c036c7fe98537baec9e0

PODFILE CHECKSUM: b1943e5a1e1827b435f2239e4c677cf9cca02f68

COCOAPODS: 1.8.4
